// !$*UTF8*$!
{
	archiveVersion = 1;
	classes = {
	};
	objectVersion = 56;
	objects = {

/* Begin PBXBuildFile section */
		BDC03C822C0E25F100CE6BB6 /* AppDelegate.swift in Sources */ = {isa = PBXBuildFile; fileRef = BDC03C812C0E25F100CE6BB6 /* AppDelegate.swift */; };
		BDC03C842C0E25F100CE6BB6 /* SceneDelegate.swift in Sources */ = {isa = PBXBuildFile; fileRef = BDC03C832C0E25F100CE6BB6 /* SceneDelegate.swift */; };
		BDC03C862C0E25F100CE6BB6 /* ViewController.swift in Sources */ = {isa = PBXBuildFile; fileRef = BDC03C852C0E25F100CE6BB6 /* ViewController.swift */; };
		BDC03C892C0E25F100CE6BB6 /* Base in Resources */ = {isa = PBXBuildFile; fileRef = BDC03C882C0E25F100CE6BB6 /* Base */; };
		BDC03C8C2C0E25F100CE6BB6 /* CardMakerLanguage.xcdatamodeld in Sources */ = {isa = PBXBuildFile; fileRef = BDC03C8A2C0E25F100CE6BB6 /* CardMakerLanguage.xcdatamodeld */; };
		BDC03C8E2C0E25F300CE6BB6 /* Assets.xcassets in Resources */ = {isa = PBXBuildFile; fileRef = BDC03C8D2C0E25F300CE6BB6 /* Assets.xcassets */; };
		BDC03C912C0E25F300CE6BB6 /* Base in Resources */ = {isa = PBXBuildFile; fileRef = BDC03C902C0E25F300CE6BB6 /* Base */; };
		BDC03C9C2C0E25F300CE6BB6 /* CardMakerLanguageTests.swift in Sources */ = {isa = PBXBuildFile; fileRef = BDC03C9B2C0E25F300CE6BB6 /* CardMakerLanguageTests.swift */; };
		BDC03CA62C0E25F300CE6BB6 /* CardMakerLanguageUITests.swift in Sources */ = {isa = PBXBuildFile; fileRef = BDC03CA52C0E25F300CE6BB6 /* CardMakerLanguageUITests.swift */; };
		BDC03CA82C0E25F300CE6BB6 /* CardMakerLanguageUITestsLaunchTests.swift in Sources */ = {isa = PBXBuildFile; fileRef = BDC03CA72C0E25F300CE6BB6 /* CardMakerLanguageUITestsLaunchTests.swift */; };
/* End PBXBuildFile section */

/* Begin PBXContainerItemProxy section */
		BDC03C982C0E25F300CE6BB6 /* PBXContainerItemProxy */ = {
			isa = PBXContainerItemProxy;
			containerPortal = BDC03C762C0E25F100CE6BB6 /* Project object */;
			proxyType = 1;
			remoteGlobalIDString = BDC03C7D2C0E25F100CE6BB6;
			remoteInfo = CardMakerLanguage;
		};
		BDC03CA22C0E25F300CE6BB6 /* PBXContainerItemProxy */ = {
			isa = PBXContainerItemProxy;
			containerPortal = BDC03C762C0E25F100CE6BB6 /* Project object */;
			proxyType = 1;
			remoteGlobalIDString = BDC03C7D2C0E25F100CE6BB6;
			remoteInfo = CardMakerLanguage;
		};
/* End PBXContainerItemProxy section */

/* Begin PBXFileReference section */
		BDC03C7E2C0E25F100CE6BB6 /* CardMakerLanguage.app */ = {isa = PBXFileReference; explicitFileType = wrapper.application; includeInIndex = 0; path = CardMakerLanguage.app; sourceTree = BUILT_PRODUCTS_DIR; };
		BDC03C812C0E25F100CE6BB6 /* AppDelegate.swift */ = {isa = PBXFileReference; lastKnownFileType = sourcecode.swift; path = AppDelegate.swift; sourceTree = "<group>"; };
		BDC03C832C0E25F100CE6BB6 /* SceneDelegate.swift */ = {isa = PBXFileReference; lastKnownFileType = sourcecode.swift; path = SceneDelegate.swift; sourceTree = "<group>"; };
		BDC03C852C0E25F100CE6BB6 /* ViewController.swift */ = {isa = PBXFileReference; lastKnownFileType = sourcecode.swift; path = ViewController.swift; sourceTree = "<group>"; };
		BDC03C882C0E25F100CE6BB6 /* Base */ = {isa = PBXFileReference; lastKnownFileType = file.storyboard; name = Base; path = Base.lproj/Main.storyboard; sourceTree = "<group>"; };
		BDC03C8B2C0E25F100CE6BB6 /* CardMakerLanguage.xcdatamodel */ = {isa = PBXFileReference; lastKnownFileType = wrapper.xcdatamodel; path = CardMakerLanguage.xcdatamodel; sourceTree = "<group>"; };
		BDC03C8D2C0E25F300CE6BB6 /* Assets.xcassets */ = {isa = PBXFileReference; lastKnownFileType = folder.assetcatalog; path = Assets.xcassets; sourceTree = "<group>"; };
		BDC03C902C0E25F300CE6BB6 /* Base */ = {isa = PBXFileReference; lastKnownFileType = file.storyboard; name = Base; path = Base.lproj/LaunchScreen.storyboard; sourceTree = "<group>"; };
		BDC03C922C0E25F300CE6BB6 /* Info.plist */ = {isa = PBXFileReference; lastKnownFileType = text.plist.xml; path = Info.plist; sourceTree = "<group>"; };
		BDC03C972C0E25F300CE6BB6 /* CardMakerLanguageTests.xctest */ = {isa = PBXFileReference; explicitFileType = wrapper.cfbundle; includeInIndex = 0; path = CardMakerLanguageTests.xctest; sourceTree = BUILT_PRODUCTS_DIR; };
		BDC03C9B2C0E25F300CE6BB6 /* CardMakerLanguageTests.swift */ = {isa = PBXFileReference; lastKnownFileType = sourcecode.swift; path = CardMakerLanguageTests.swift; sourceTree = "<group>"; };
		BDC03CA12C0E25F300CE6BB6 /* CardMakerLanguageUITests.xctest */ = {isa = PBXFileReference; explicitFileType = wrapper.cfbundle; includeInIndex = 0; path = CardMakerLanguageUITests.xctest; sourceTree = BUILT_PRODUCTS_DIR; };
		BDC03CA52C0E25F300CE6BB6 /* CardMakerLanguageUITests.swift */ = {isa = PBXFileReference; lastKnownFileType = sourcecode.swift; path = CardMakerLanguageUITests.swift; sourceTree = "<group>"; };
		BDC03CA72C0E25F300CE6BB6 /* CardMakerLanguageUITestsLaunchTests.swift */ = {isa = PBXFileReference; lastKnownFileType = sourcecode.swift; path = CardMakerLanguageUITestsLaunchTests.swift; sourceTree = "<group>"; };
/* End PBXFileReference section */

/* Begin PBXFrameworksBuildPhase section */
		BDC03C7B2C0E25F100CE6BB6 /* Frameworks */ = {
			isa = PBXFrameworksBuildPhase;
			buildActionMask = 2147483647;
			files = (
			);
			runOnlyForDeploymentPostprocessing = 0;
		};
		BDC03C942C0E25F300CE6BB6 /* Frameworks */ = {
			isa = PBXFrameworksBuildPhase;
			buildActionMask = 2147483647;
			files = (
			);
			runOnlyForDeploymentPostprocessing = 0;
		};
		BDC03C9E2C0E25F300CE6BB6 /* Frameworks */ = {
			isa = PBXFrameworksBuildPhase;
			buildActionMask = 2147483647;
			files = (
			);
			runOnlyForDeploymentPostprocessing = 0;
		};
/* End PBXFrameworksBuildPhase section */

/* Begin PBXGroup section */
		BDC03C752C0E25F100CE6BB6 = {
			isa = PBXGroup;
			children = (
				BDC03C802C0E25F100CE6BB6 /* CardMakerLanguage */,
				BDC03C9A2C0E25F300CE6BB6 /* CardMakerLanguageTests */,
				BDC03CA42C0E25F300CE6BB6 /* CardMakerLanguageUITests */,
				BDC03C7F2C0E25F100CE6BB6 /* Products */,
			);
			sourceTree = "<group>";
		};
		BDC03C7F2C0E25F100CE6BB6 /* Products */ = {
			isa = PBXGroup;
			children = (
				BDC03C7E2C0E25F100CE6BB6 /* CardMakerLanguage.app */,
				BDC03C972C0E25F300CE6BB6 /* CardMakerLanguageTests.xctest */,
				BDC03CA12C0E25F300CE6BB6 /* CardMakerLanguageUITests.xctest */,
			);
			name = Products;
			sourceTree = "<group>";
		};
		BDC03C802C0E25F100CE6BB6 /* CardMakerLanguage */ = {
			isa = PBXGroup;
			children = (
				BDC03C812C0E25F100CE6BB6 /* AppDelegate.swift */,
				BDC03C832C0E25F100CE6BB6 /* SceneDelegate.swift */,
				BDC03C852C0E25F100CE6BB6 /* ViewController.swift */,
				BDC03C872C0E25F100CE6BB6 /* Main.storyboard */,
				BDC03C8D2C0E25F300CE6BB6 /* Assets.xcassets */,
				BDC03C8F2C0E25F300CE6BB6 /* LaunchScreen.storyboard */,
				BDC03C922C0E25F300CE6BB6 /* Info.plist */,
				BDC03C8A2C0E25F100CE6BB6 /* CardMakerLanguage.xcdatamodeld */,
			);
			path = CardMakerLanguage;
			sourceTree = "<group>";
		};
		BDC03C9A2C0E25F300CE6BB6 /* CardMakerLanguageTests */ = {
			isa = PBXGroup;
			children = (
				BDC03C9B2C0E25F300CE6BB6 /* CardMakerLanguageTests.swift */,
			);
			path = CardMakerLanguageTests;
			sourceTree = "<group>";
		};
		BDC03CA42C0E25F300CE6BB6 /* CardMakerLanguageUITests */ = {
			isa = PBXGroup;
			children = (
				BDC03CA52C0E25F300CE6BB6 /* CardMakerLanguageUITests.swift */,
				BDC03CA72C0E25F300CE6BB6 /* CardMakerLanguageUITestsLaunchTests.swift */,
			);
			path = CardMakerLanguageUITests;
			sourceTree = "<group>";
		};
/* End PBXGroup section */

/* Begin PBXNativeTarget section */
		BDC03C7D2C0E25F100CE6BB6 /* CardMakerLanguage */ = {
			isa = PBXNativeTarget;
			buildConfigurationList = BDC03CAB2C0E25F300CE6BB6 /* Build configuration list for PBXNativeTarget "CardMakerLanguage" */;
			buildPhases = (
				BDC03C7A2C0E25F100CE6BB6 /* Sources */,
				BDC03C7B2C0E25F100CE6BB6 /* Frameworks */,
				BDC03C7C2C0E25F100CE6BB6 /* Resources */,
			);
			buildRules = (
			);
			dependencies = (
			);
			name = CardMakerLanguage;
			productName = CardMakerLanguage;
			productReference = BDC03C7E2C0E25F100CE6BB6 /* CardMakerLanguage.app */;
			productType = "com.apple.product-type.application";
		};
		BDC03C962C0E25F300CE6BB6 /* CardMakerLanguageTests */ = {
			isa = PBXNativeTarget;
			buildConfigurationList = BDC03CAE2C0E25F300CE6BB6 /* Build configuration list for PBXNativeTarget "CardMakerLanguageTests" */;
			buildPhases = (
				BDC03C932C0E25F300CE6BB6 /* Sources */,
				BDC03C942C0E25F300CE6BB6 /* Frameworks */,
				BDC03C952C0E25F300CE6BB6 /* Resources */,
			);
			buildRules = (
			);
			dependencies = (
				BDC03C992C0E25F300CE6BB6 /* PBXTargetDependency */,
			);
			name = CardMakerLanguageTests;
			productName = CardMakerLanguageTests;
			productReference = BDC03C972C0E25F300CE6BB6 /* CardMakerLanguageTests.xctest */;
			productType = "com.apple.product-type.bundle.unit-test";
		};
		BDC03CA02C0E25F300CE6BB6 /* CardMakerLanguageUITests */ = {
			isa = PBXNativeTarget;
			buildConfigurationList = BDC03CB12C0E25F300CE6BB6 /* Build configuration list for PBXNativeTarget "CardMakerLanguageUITests" */;
			buildPhases = (
				BDC03C9D2C0E25F300CE6BB6 /* Sources */,
				BDC03C9E2C0E25F300CE6BB6 /* Frameworks */,
				BDC03C9F2C0E25F300CE6BB6 /* Resources */,
			);
			buildRules = (
			);
			dependencies = (
				BDC03CA32C0E25F300CE6BB6 /* PBXTargetDependency */,
			);
			name = CardMakerLanguageUITests;
			productName = CardMakerLanguageUITests;
			productReference = BDC03CA12C0E25F300CE6BB6 /* CardMakerLanguageUITests.xctest */;
			productType = "com.apple.product-type.bundle.ui-testing";
		};
/* End PBXNativeTarget section */

/* Begin PBXProject section */
		BDC03C762C0E25F100CE6BB6 /* Project object */ = {
			isa = PBXProject;
			attributes = {
				BuildIndependentTargetsInParallel = 1;
				LastSwiftUpdateCheck = 1530;
				LastUpgradeCheck = 1530;
				TargetAttributes = {
					BDC03C7D2C0E25F100CE6BB6 = {
						CreatedOnToolsVersion = 15.3;
					};
					BDC03C962C0E25F300CE6BB6 = {
						CreatedOnToolsVersion = 15.3;
						TestTargetID = BDC03C7D2C0E25F100CE6BB6;
					};
					BDC03CA02C0E25F300CE6BB6 = {
						CreatedOnToolsVersion = 15.3;
						TestTargetID = BDC03C7D2C0E25F100CE6BB6;
					};
				};
			};
			buildConfigurationList = BDC03C792C0E25F100CE6BB6 /* Build configuration list for PBXProject "CardMakerLanguage" */;
			compatibilityVersion = "Xcode 14.0";
			developmentRegion = en;
			hasScannedForEncodings = 0;
			knownRegions = (
				en,
				Base,
			);
			mainGroup = BDC03C752C0E25F100CE6BB6;
			productRefGroup = BDC03C7F2C0E25F100CE6BB6 /* Products */;
			projectDirPath = "";
			projectRoot = "";
			targets = (
				BDC03C7D2C0E25F100CE6BB6 /* CardMakerLanguage */,
				BDC03C962C0E25F300CE6BB6 /* CardMakerLanguageTests */,
				BDC03CA02C0E25F300CE6BB6 /* CardMakerLanguageUITests */,
			);
		};
/* End PBXProject section */

/* Begin PBXResourcesBuildPhase section */
		BDC03C7C2C0E25F100CE6BB6 /* Resources */ = {
			isa = PBXResourcesBuildPhase;
			buildActionMask = 2147483647;
			files = (
				BDC03C8E2C0E25F300CE6BB6 /* Assets.xcassets in Resources */,
				BDC03C912C0E25F300CE6BB6 /* Base in Resources */,
				BDC03C892C0E25F100CE6BB6 /* Base in Resources */,
			);
			runOnlyForDeploymentPostprocessing = 0;
		};
		BDC03C952C0E25F300CE6BB6 /* Resources */ = {
			isa = PBXResourcesBuildPhase;
			buildActionMask = 2147483647;
			files = (
			);
			runOnlyForDeploymentPostprocessing = 0;
		};
		BDC03C9F2C0E25F300CE6BB6 /* Resources */ = {
			isa = PBXResourcesBuildPhase;
			buildActionMask = 2147483647;
			files = (
			);
			runOnlyForDeploymentPostprocessing = 0;
		};
/* End PBXResourcesBuildPhase section */

/* Begin PBXSourcesBuildPhase section */
		BDC03C7A2C0E25F100CE6BB6 /* Sources */ = {
			isa = PBXSourcesBuildPhase;
			buildActionMask = 2147483647;
			files = (
				BDC03C8C2C0E25F100CE6BB6 /* CardMakerLanguage.xcdatamodeld in Sources */,
				BDC03C862C0E25F100CE6BB6 /* ViewController.swift in Sources */,
				BDC03C822C0E25F100CE6BB6 /* AppDelegate.swift in Sources */,
				BDC03C842C0E25F100CE6BB6 /* SceneDelegate.swift in Sources */,
			);
			runOnlyForDeploymentPostprocessing = 0;
		};
		BDC03C932C0E25F300CE6BB6 /* Sources */ = {
			isa = PBXSourcesBuildPhase;
			buildActionMask = 2147483647;
			files = (
				BDC03C9C2C0E25F300CE6BB6 /* CardMakerLanguageTests.swift in Sources */,
			);
			runOnlyForDeploymentPostprocessing = 0;
		};
		BDC03C9D2C0E25F300CE6BB6 /* Sources */ = {
			isa = PBXSourcesBuildPhase;
			buildActionMask = 2147483647;
			files = (
				BDC03CA62C0E25F300CE6BB6 /* CardMakerLanguageUITests.swift in Sources */,
				BDC03CA82C0E25F300CE6BB6 /* CardMakerLanguageUITestsLaunchTests.swift in Sources */,
			);
			runOnlyForDeploymentPostprocessing = 0;
		};
/* End PBXSourcesBuildPhase section */

/* Begin PBXTargetDependency section */
		BDC03C992C0E25F300CE6BB6 /* PBXTargetDependency */ = {
			isa = PBXTargetDependency;
			target = BDC03C7D2C0E25F100CE6BB6 /* CardMakerLanguage */;
			targetProxy = BDC03C982C0E25F300CE6BB6 /* PBXContainerItemProxy */;
		};
		BDC03CA32C0E25F300CE6BB6 /* PBXTargetDependency */ = {
			isa = PBXTargetDependency;
			target = BDC03C7D2C0E25F100CE6BB6 /* CardMakerLanguage */;
			targetProxy = BDC03CA22C0E25F300CE6BB6 /* PBXContainerItemProxy */;
		};
/* End PBXTargetDependency section */

/* Begin PBXVariantGroup section */
		BDC03C872C0E25F100CE6BB6 /* Main.storyboard */ = {
			isa = PBXVariantGroup;
			children = (
				BDC03C882C0E25F100CE6BB6 /* Base */,
			);
			name = Main.storyboard;
			sourceTree = "<group>";
		};
		BDC03C8F2C0E25F300CE6BB6 /* LaunchScreen.storyboard */ = {
			isa = PBXVariantGroup;
			children = (
				BDC03C902C0E25F300CE6BB6 /* Base */,
			);
			name = LaunchScreen.storyboard;
			sourceTree = "<group>";
		};
/* End PBXVariantGroup section */

/* Begin XCBuildConfiguration section */
		BDC03CA92C0E25F300CE6BB6 /* Debug */ = {
			isa = XCBuildConfiguration;
			buildSettings = {
				ALWAYS_SEARCH_USER_PATHS = NO;
				ASSETCATALOG_COMPILER_GENERATE_SWIFT_ASSET_SYMBOL_EXTENSIONS = YES;
				CLANG_ANALYZER_NONNULL = YES;
				CLANG_ANALYZER_NUMBER_OBJECT_CONVERSION = YES_AGGRESSIVE;
				CLANG_CXX_LANGUAGE_STANDARD = "gnu++20";
				CLANG_ENABLE_MODULES = YES;
				CLANG_ENABLE_OBJC_ARC = YES;
				CLANG_ENABLE_OBJC_WEAK = YES;
				CLANG_WARN_BLOCK_CAPTURE_AUTORELEASING = YES;
				CLANG_WARN_BOOL_CONVERSION = YES;
				CLANG_WARN_COMMA = YES;
				CLANG_WARN_CONSTANT_CONVERSION = YES;
				CLANG_WARN_DEPRECATED_OBJC_IMPLEMENTATIONS = YES;
				CLANG_WARN_DIRECT_OBJC_ISA_USAGE = YES_ERROR;
				CLANG_WARN_DOCUMENTATION_COMMENTS = YES;
				CLANG_WARN_EMPTY_BODY = YES;
				CLANG_WARN_ENUM_CONVERSION = YES;
				CLANG_WARN_INFINITE_RECURSION = YES;
				CLANG_WARN_INT_CONVERSION = YES;
				CLANG_WARN_NON_LITERAL_NULL_CONVERSION = YES;
				CLANG_WARN_OBJC_IMPLICIT_RETAIN_SELF = YES;
				CLANG_WARN_OBJC_LITERAL_CONVERSION = YES;
				CLANG_WARN_OBJC_ROOT_CLASS = YES_ERROR;
				CLANG_WARN_QUOTED_INCLUDE_IN_FRAMEWORK_HEADER = YES;
				CLANG_WARN_RANGE_LOOP_ANALYSIS = YES;
				CLANG_WARN_STRICT_PROTOTYPES = YES;
				CLANG_WARN_SUSPICIOUS_MOVE = YES;
				CLANG_WARN_UNGUARDED_AVAILABILITY = YES_AGGRESSIVE;
				CLANG_WARN_UNREACHABLE_CODE = YES;
				CLANG_WARN__DUPLICATE_METHOD_MATCH = YES;
				COPY_PHASE_STRIP = NO;
				DEBUG_INFORMATION_FORMAT = dwarf;
				ENABLE_STRICT_OBJC_MSGSEND = YES;
				ENABLE_TESTABILITY = YES;
				ENABLE_USER_SCRIPT_SANDBOXING = YES;
				GCC_C_LANGUAGE_STANDARD = gnu17;
				GCC_DYNAMIC_NO_PIC = NO;
				GCC_NO_COMMON_BLOCKS = YES;
				GCC_OPTIMIZATION_LEVEL = 0;
				GCC_PREPROCESSOR_DEFINITIONS = (
					"DEBUG=1",
					"$(inherited)",
				);
				GCC_WARN_64_TO_32_BIT_CONVERSION = YES;
				GCC_WARN_ABOUT_RETURN_TYPE = YES_ERROR;
				GCC_WARN_UNDECLARED_SELECTOR = YES;
				GCC_WARN_UNINITIALIZED_AUTOS = YES_AGGRESSIVE;
				GCC_WARN_UNUSED_FUNCTION = YES;
				GCC_WARN_UNUSED_VARIABLE = YES;
				IPHONEOS_DEPLOYMENT_TARGET = 17.4;
				LOCALIZATION_PREFERS_STRING_CATALOGS = YES;
				MTL_ENABLE_DEBUG_INFO = INCLUDE_SOURCE;
				MTL_FAST_MATH = YES;
				ONLY_ACTIVE_ARCH = YES;
				SDKROOT = iphoneos;
				SWIFT_ACTIVE_COMPILATION_CONDITIONS = "DEBUG $(inherited)";
				SWIFT_OPTIMIZATION_LEVEL = "-Onone";
			};
			name = Debug;
		};
		BDC03CAA2C0E25F300CE6BB6 /* Release */ = {
			isa = XCBuildConfiguration;
			buildSettings = {
				ALWAYS_SEARCH_USER_PATHS = NO;
				ASSETCATALOG_COMPILER_GENERATE_SWIFT_ASSET_SYMBOL_EXTENSIONS = YES;
				CLANG_ANALYZER_NONNULL = YES;
				CLANG_ANALYZER_NUMBER_OBJECT_CONVERSION = YES_AGGRESSIVE;
				CLANG_CXX_LANGUAGE_STANDARD = "gnu++20";
				CLANG_ENABLE_MODULES = YES;
				CLANG_ENABLE_OBJC_ARC = YES;
				CLANG_ENABLE_OBJC_WEAK = YES;
				CLANG_WARN_BLOCK_CAPTURE_AUTORELEASING = YES;
				CLANG_WARN_BOOL_CONVERSION = YES;
				CLANG_WARN_COMMA = YES;
				CLANG_WARN_CONSTANT_CONVERSION = YES;
				CLANG_WARN_DEPRECATED_OBJC_IMPLEMENTATIONS = YES;
				CLANG_WARN_DIRECT_OBJC_ISA_USAGE = YES_ERROR;
				CLANG_WARN_DOCUMENTATION_COMMENTS = YES;
				CLANG_WARN_EMPTY_BODY = YES;
				CLANG_WARN_ENUM_CONVERSION = YES;
				CLANG_WARN_INFINITE_RECURSION = YES;
				CLANG_WARN_INT_CONVERSION = YES;
				CLANG_WARN_NON_LITERAL_NULL_CONVERSION = YES;
				CLANG_WARN_OBJC_IMPLICIT_RETAIN_SELF = YES;
				CLANG_WARN_OBJC_LITERAL_CONVERSION = YES;
				CLANG_WARN_OBJC_ROOT_CLASS = YES_ERROR;
				CLANG_WARN_QUOTED_INCLUDE_IN_FRAMEWORK_HEADER = YES;
				CLANG_WARN_RANGE_LOOP_ANALYSIS = YES;
				CLANG_WARN_STRICT_PROTOTYPES = YES;
				CLANG_WARN_SUSPICIOUS_MOVE = YES;
				CLANG_WARN_UNGUARDED_AVAILABILITY = YES_AGGRESSIVE;
				CLANG_WARN_UNREACHABLE_CODE = YES;
				CLANG_WARN__DUPLICATE_METHOD_MATCH = YES;
				COPY_PHASE_STRIP = NO;
				DEBUG_INFORMATION_FORMAT = "dwarf-with-dsym";
				ENABLE_NS_ASSERTIONS = NO;
				ENABLE_STRICT_OBJC_MSGSEND = YES;
				ENABLE_USER_SCRIPT_SANDBOXING = YES;
				GCC_C_LANGUAGE_STANDARD = gnu17;
				GCC_NO_COMMON_BLOCKS = YES;
				GCC_WARN_64_TO_32_BIT_CONVERSION = YES;
				GCC_WARN_ABOUT_RETURN_TYPE = YES_ERROR;
				GCC_WARN_UNDECLARED_SELECTOR = YES;
				GCC_WARN_UNINITIALIZED_AUTOS = YES_AGGRESSIVE;
				GCC_WARN_UNUSED_FUNCTION = YES;
				GCC_WARN_UNUSED_VARIABLE = YES;
				IPHONEOS_DEPLOYMENT_TARGET = 17.4;
				LOCALIZATION_PREFERS_STRING_CATALOGS = YES;
				MTL_ENABLE_DEBUG_INFO = NO;
				MTL_FAST_MATH = YES;
				SDKROOT = iphoneos;
				SWIFT_COMPILATION_MODE = wholemodule;
				VALIDATE_PRODUCT = YES;
			};
			name = Release;
		};
		BDC03CAC2C0E25F300CE6BB6 /* Debug */ = {
			isa = XCBuildConfiguration;
			buildSettings = {
				ASSETCATALOG_COMPILER_APPICON_NAME = AppIcon;
				ASSETCATALOG_COMPILER_GLOBAL_ACCENT_COLOR_NAME = AccentColor;
				CODE_SIGN_STYLE = Automatic;
				CURRENT_PROJECT_VERSION = 1;
				GENERATE_INFOPLIST_FILE = YES;
				INFOPLIST_FILE = CardMakerLanguage/Info.plist;
				INFOPLIST_KEY_UIApplicationSupportsIndirectInputEvents = YES;
				INFOPLIST_KEY_UILaunchStoryboardName = LaunchScreen;
				INFOPLIST_KEY_UIMainStoryboardFile = Main;
				INFOPLIST_KEY_UISupportedInterfaceOrientations_iPad = "UIInterfaceOrientationPortrait UIInterfaceOrientationPortraitUpsideDown UIInterfaceOrientationLandscapeLeft UIInterfaceOrientationLandscapeRight";
				INFOPLIST_KEY_UISupportedInterfaceOrientations_iPhone = "UIInterfaceOrientationPortrait UIInterfaceOrientationLandscapeLeft UIInterfaceOrientationLandscapeRight";
				LD_RUNPATH_SEARCH_PATHS = (
					"$(inherited)",
					"@executable_path/Frameworks",
				);
				MARKETING_VERSION = 1.0;
				PRODUCT_BUNDLE_IDENTIFIER = com.plexustechnology.CardMakerLanguage;
				PRODUCT_NAME = "$(TARGET_NAME)";
				SWIFT_EMIT_LOC_STRINGS = YES;
				SWIFT_VERSION = 5.0;
				TARGETED_DEVICE_FAMILY = "1,2";
			};
			name = Debug;
		};
		BDC03CAD2C0E25F300CE6BB6 /* Release */ = {
			isa = XCBuildConfiguration;
			buildSettings = {
				ASSETCATALOG_COMPILER_APPICON_NAME = AppIcon;
				ASSETCATALOG_COMPILER_GLOBAL_ACCENT_COLOR_NAME = AccentColor;
				CODE_SIGN_STYLE = Automatic;
				CURRENT_PROJECT_VERSION = 1;
				GENERATE_INFOPLIST_FILE = YES;
				INFOPLIST_FILE = CardMakerLanguage/Info.plist;
				INFOPLIST_KEY_UIApplicationSupportsIndirectInputEvents = YES;
				INFOPLIST_KEY_UILaunchStoryboardName = LaunchScreen;
				INFOPLIST_KEY_UIMainStoryboardFile = Main;
				INFOPLIST_KEY_UISupportedInterfaceOrientations_iPad = "UIInterfaceOrientationPortrait UIInterfaceOrientationPortraitUpsideDown UIInterfaceOrientationLandscapeLeft UIInterfaceOrientationLandscapeRight";
				INFOPLIST_KEY_UISupportedInterfaceOrientations_iPhone = "UIInterfaceOrientationPortrait UIInterfaceOrientationLandscapeLeft UIInterfaceOrientationLandscapeRight";
				LD_RUNPATH_SEARCH_PATHS = (
					"$(inherited)",
					"@executable_path/Frameworks",
				);
				MARKETING_VERSION = 1.0;
				PRODUCT_BUNDLE_IDENTIFIER = com.plexustechnology.CardMakerLanguage;
				PRODUCT_NAME = "$(TARGET_NAME)";
				SWIFT_EMIT_LOC_STRINGS = YES;
				SWIFT_VERSION = 5.0;
				TARGETED_DEVICE_FAMILY = "1,2";
			};
			name = Release;
		};
		BDC03CAF2C0E25F300CE6BB6 /* Debug */ = {
			isa = XCBuildConfiguration;
			buildSettings = {
				ALWAYS_EMBED_SWIFT_STANDARD_LIBRARIES = YES;
				BUNDLE_LOADER = "$(TEST_HOST)";
				CODE_SIGN_STYLE = Automatic;
				CURRENT_PROJECT_VERSION = 1;
				GENERATE_INFOPLIST_FILE = YES;
				IPHONEOS_DEPLOYMENT_TARGET = 17.4;
				MARKETING_VERSION = 1.0;
				PRODUCT_BUNDLE_IDENTIFIER = com.plexustechnology.CardMakerLanguageTests;
				PRODUCT_NAME = "$(TARGET_NAME)";
				SWIFT_EMIT_LOC_STRINGS = NO;
				SWIFT_VERSION = 5.0;
				TARGETED_DEVICE_FAMILY = "1,2";
				TEST_HOST = "$(BUILT_PRODUCTS_DIR)/CardMakerLanguage.app/$(BUNDLE_EXECUTABLE_FOLDER_PATH)/CardMakerLanguage";
			};
			name = Debug;
		};
		BDC03CB02C0E25F300CE6BB6 /* Release */ = {
			isa = XCBuildConfiguration;
			buildSettings = {
				ALWAYS_EMBED_SWIFT_STANDARD_LIBRARIES = YES;
				BUNDLE_LOADER = "$(TEST_HOST)";
				CODE_SIGN_STYLE = Automatic;
				CURRENT_PROJECT_VERSION = 1;
				GENERATE_INFOPLIST_FILE = YES;
				IPHONEOS_DEPLOYMENT_TARGET = 17.4;
				MARKETING_VERSION = 1.0;
				PRODUCT_BUNDLE_IDENTIFIER = com.plexustechnology.CardMakerLanguageTests;
				PRODUCT_NAME = "$(TARGET_NAME)";
				SWIFT_EMIT_LOC_STRINGS = NO;
				SWIFT_VERSION = 5.0;
				TARGETED_DEVICE_FAMILY = "1,2";
				TEST_HOST = "$(BUILT_PRODUCTS_DIR)/CardMakerLanguage.app/$(BUNDLE_EXECUTABLE_FOLDER_PATH)/CardMakerLanguage";
			};
			name = Release;
		};
		BDC03CB22C0E25F300CE6BB6 /* Debug */ = {
			isa = XCBuildConfiguration;
			buildSettings = {
				ALWAYS_EMBED_SWIFT_STANDARD_LIBRARIES = YES;
				CODE_SIGN_STYLE = Automatic;
				CURRENT_PROJECT_VERSION = 1;
				GENERATE_INFOPLIST_FILE = YES;
				MARKETING_VERSION = 1.0;
				PRODUCT_BUNDLE_IDENTIFIER = com.plexustechnology.CardMakerLanguageUITests;
				PRODUCT_NAME = "$(TARGET_NAME)";
				SWIFT_EMIT_LOC_STRINGS = NO;
				SWIFT_VERSION = 5.0;
				TARGETED_DEVICE_FAMILY = "1,2";
				TEST_TARGET_NAME = CardMakerLanguage;
			};
			name = Debug;
		};
		BDC03CB32C0E25F300CE6BB6 /* Release */ = {
			isa = XCBuildConfiguration;
			buildSettings = {
				ALWAYS_EMBED_SWIFT_STANDARD_LIBRARIES = YES;
				CODE_SIGN_STYLE = Automatic;
				CURRENT_PROJECT_VERSION = 1;
				GENERATE_INFOPLIST_FILE = YES;
				MARKETING_VERSION = 1.0;
				PRODUCT_BUNDLE_IDENTIFIER = com.plexustechnology.CardMakerLanguageUITests;
				PRODUCT_NAME = "$(TARGET_NAME)";
				SWIFT_EMIT_LOC_STRINGS = NO;
				SWIFT_VERSION = 5.0;
				TARGETED_DEVICE_FAMILY = "1,2";
				TEST_TARGET_NAME = CardMakerLanguage;
			};
			name = Release;
		};
/* End XCBuildConfiguration section */

/* Begin XCConfigurationList section */
		BDC03C792C0E25F100CE6BB6 /* Build configuration list for PBXProject "CardMakerLanguage" */ = {
			isa = XCConfigurationList;
			buildConfigurations = (
				BDC03CA92C0E25F300CE6BB6 /* Debug */,
				BDC03CAA2C0E25F300CE6BB6 /* Release */,
			);
			defaultConfigurationIsVisible = 0;
			defaultConfigurationName = Release;
		};
		BDC03CAB2C0E25F300CE6BB6 /* Build configuration list for PBXNativeTarget "CardMakerLanguage" */ = {
			isa = XCConfigurationList;
			buildConfigurations = (
				BDC03CAC2C0E25F300CE6BB6 /* Debug */,
				BDC03CAD2C0E25F300CE6BB6 /* Release */,
			);
			defaultConfigurationIsVisible = 0;
			defaultConfigurationName = Release;
		};
		BDC03CAE2C0E25F300CE6BB6 /* Build configuration list for PBXNativeTarget "CardMakerLanguageTests" */ = {
			isa = XCConfigurationList;
			buildConfigurations = (
				BDC03CAF2C0E25F300CE6BB6 /* Debug */,
				BDC03CB02C0E25F300CE6BB6 /* Release */,
			);
			defaultConfigurationIsVisible = 0;
			defaultConfigurationName = Release;
		};
		BDC03CB12C0E25F300CE6BB6 /* Build configuration list for PBXNativeTarget "CardMakerLanguageUITests" */ = {
			isa = XCConfigurationList;
			buildConfigurations = (
				BDC03CB22C0E25F300CE6BB6 /* Debug */,
				BDC03CB32C0E25F300CE6BB6 /* Release */,
			);
			defaultConfigurationIsVisible = 0;
			defaultConfigurationName = Release;
		};
/* End XCConfigurationList section */

/* Begin XCVersionGroup section */
		BDC03C8A2C0E25F100CE6BB6 /* CardMakerLanguage.xcdatamodeld */ = {
			isa = XCVersionGroup;
			children = (
				BDC03C8B2C0E25F100CE6BB6 /* CardMakerLanguage.xcdatamodel */,
			);
			currentVersion = BDC03C8B2C0E25F100CE6BB6 /* CardMakerLanguage.xcdatamodel */;
			path = CardMakerLanguage.xcdatamodeld;
			sourceTree = "<group>";
			versionGroupType = wrapper.xcdatamodel;
		};
/* End XCVersionGroup section */
	};
	rootObject = BDC03C762C0E25F100CE6BB6 /* Project object */;
}
